// !$*UTF8*$!
{
	archiveVersion = 1;
	classes = {
	};
	objectVersion = 77;
	objects = {

/* Begin PBXBuildFile section */
		2C6C0FCE2D85837100088BA8 /* CoreServices in Frameworks */ = {isa = PBXBuildFile; productRef = 2C6C0FCD2D85837100088BA8 /* CoreServices */; };
		2CC84E612D6A08C500E81DA4 /* gen_kpapi.sh in Resources */ = {isa = PBXBuildFile; fileRef = 2CC84E602D6A08C500E81DA4 /* gen_kpapi.sh */; };
		2CC84E652D6A121B00E81DA4 /* KinopoiskAPI in Frameworks */ = {isa = PBXBuildFile; productRef = 2CC84E642D6A121B00E81DA4 /* KinopoiskAPI */; };
		2CC84EBD2D6A4BDB00E81DA4 /* SUINavigation in Frameworks */ = {isa = PBXBuildFile; productRef = 2CC84EBC2D6A4BDB00E81DA4 /* SUINavigation */; };
/* End PBXBuildFile section */

/* Begin PBXFileReference section */
		2C6C0ED62D73486900088BA8 /* CoreServices */ = {isa = PBXFileReference; lastKnownFileType = wrapper; path = CoreServices; sourceTree = "<group>"; };
		2CC84E492D6A065900E81DA4 /* otus_hw2.app */ = {isa = PBXFileReference; explicitFileType = wrapper.application; includeInIndex = 0; path = otus_hw2.app; sourceTree = BUILT_PRODUCTS_DIR; };
		2CC84E602D6A08C500E81DA4 /* gen_kpapi.sh */ = {isa = PBXFileReference; lastKnownFileType = text.script.sh; path = gen_kpapi.sh; sourceTree = "<group>"; };
/* End PBXFileReference section */

/* Begin PBXFileSystemSynchronizedBuildFileExceptionSet section */
		2CC84E632D6A121100E81DA4 /* Exceptions for "otus_hw2" folder in "otus_hw2" target */ = {
			isa = PBXFileSystemSynchronizedBuildFileExceptionSet;
			membershipExceptions = (
				KinopoiskAPI,
			);
			target = 2CC84E482D6A065900E81DA4 /* otus_hw2 */;
		};
/* End PBXFileSystemSynchronizedBuildFileExceptionSet section */

/* Begin PBXFileSystemSynchronizedRootGroup section */
		2CC84E4B2D6A065900E81DA4 /* otus_hw2 */ = {
			isa = PBXFileSystemSynchronizedRootGroup;
			exceptions = (
				2CC84E632D6A121100E81DA4 /* Exceptions for "otus_hw2" folder in "otus_hw2" target */,
			);
			path = otus_hw2;
			sourceTree = "<group>";
		};
/* End PBXFileSystemSynchronizedRootGroup section */

/* Begin PBXFrameworksBuildPhase section */
		2CC84E462D6A065900E81DA4 /* Frameworks */ = {
			isa = PBXFrameworksBuildPhase;
			buildActionMask = 2147483647;
			files = (
				2CC84EBD2D6A4BDB00E81DA4 /* SUINavigation in Frameworks */,
				2C6C0FCE2D85837100088BA8 /* CoreServices in Frameworks */,
				2CC84E652D6A121B00E81DA4 /* KinopoiskAPI in Frameworks */,
			);
			runOnlyForDeploymentPostprocessing = 0;
		};
/* End PBXFrameworksBuildPhase section */

/* Begin PBXGroup section */
		2CC84E402D6A065900E81DA4 = {
			isa = PBXGroup;
			children = (
				2CC84E602D6A08C500E81DA4 /* gen_kpapi.sh */,
				2CC84E4B2D6A065900E81DA4 /* otus_hw2 */,
				2CC84E5C2D6A084B00E81DA4 /* Frameworks */,
				2CC84E4A2D6A065900E81DA4 /* Products */,
			);
			sourceTree = "<group>";
		};
		2CC84E4A2D6A065900E81DA4 /* Products */ = {
			isa = PBXGroup;
			children = (
				2CC84E492D6A065900E81DA4 /* otus_hw2.app */,
			);
			name = Products;
			sourceTree = "<group>";
		};
		2CC84E5C2D6A084B00E81DA4 /* Frameworks */ = {
			isa = PBXGroup;
			children = (
				2C6C0ED62D73486900088BA8 /* CoreServices */,
			);
			name = Frameworks;
			sourceTree = "<group>";
		};
/* End PBXGroup section */

/* Begin PBXNativeTarget section */
		2CC84E482D6A065900E81DA4 /* otus_hw2 */ = {
			isa = PBXNativeTarget;
			buildConfigurationList = 2CC84E572D6A065B00E81DA4 /* Build configuration list for PBXNativeTarget "otus_hw2" */;
			buildPhases = (
				2CC84E452D6A065900E81DA4 /* Sources */,
				2CC84E462D6A065900E81DA4 /* Frameworks */,
				2CC84E472D6A065900E81DA4 /* Resources */,
			);
			buildRules = (
			);
			dependencies = (
			);
			fileSystemSynchronizedGroups = (
				2CC84E4B2D6A065900E81DA4 /* otus_hw2 */,
			);
			name = otus_hw2;
			packageProductDependencies = (
				2CC84E642D6A121B00E81DA4 /* KinopoiskAPI */,
				2CC84EBC2D6A4BDB00E81DA4 /* SUINavigation */,
				2C6C0FCD2D85837100088BA8 /* CoreServices */,
			);
			productName = otus_hw2;
			productReference = 2CC84E492D6A065900E81DA4 /* otus_hw2.app */;
			productType = "com.apple.product-type.application";
		};
/* End PBXNativeTarget section */

/* Begin PBXProject section */
		2CC84E412D6A065900E81DA4 /* Project object */ = {
			isa = PBXProject;
			attributes = {
				BuildIndependentTargetsInParallel = 1;
				LastSwiftUpdateCheck = 1620;
				LastUpgradeCheck = 1620;
				TargetAttributes = {
					2CC84E482D6A065900E81DA4 = {
						CreatedOnToolsVersion = 16.2;
					};
				};
			};
			buildConfigurationList = 2CC84E442D6A065900E81DA4 /* Build configuration list for PBXProject "otus_hw2" */;
			developmentRegion = en;
			hasScannedForEncodings = 0;
			knownRegions = (
				en,
				Base,
			);
			mainGroup = 2CC84E402D6A065900E81DA4;
			minimizedProjectReferenceProxies = 1;
			packageReferences = (
				2CC84EBB2D6A4BDB00E81DA4 /* XCRemoteSwiftPackageReference "SUINavigation" */,
				2C6C0ED52D7347E500088BA8 /* XCLocalSwiftPackageReference "CoreServices" */,
			);
			preferredProjectObjectVersion = 77;
			productRefGroup = 2CC84E4A2D6A065900E81DA4 /* Products */;
			projectDirPath = "";
			projectRoot = "";
			targets = (
				2CC84E482D6A065900E81DA4 /* otus_hw2 */,
			);
		};
/* End PBXProject section */

/* Begin PBXResourcesBuildPhase section */
		2CC84E472D6A065900E81DA4 /* Resources */ = {
			isa = PBXResourcesBuildPhase;
			buildActionMask = 2147483647;
			files = (
				2CC84E612D6A08C500E81DA4 /* gen_kpapi.sh in Resources */,
			);
			runOnlyForDeploymentPostprocessing = 0;
		};
/* End PBXResourcesBuildPhase section */

/* Begin PBXSourcesBuildPhase section */
		2CC84E452D6A065900E81DA4 /* Sources */ = {
			isa = PBXSourcesBuildPhase;
			buildActionMask = 2147483647;
			files = (
			);
			runOnlyForDeploymentPostprocessing = 0;
		};
/* End PBXSourcesBuildPhase section */

/* Begin XCBuildConfiguration section */
		2CC84E552D6A065B00E81DA4 /* Debug */ = {
			isa = XCBuildConfiguration;
			buildSettings = {
				ALWAYS_SEARCH_USER_PATHS = NO;
				ASSETCATALOG_COMPILER_GENERATE_SWIFT_ASSET_SYMBOL_EXTENSIONS = YES;
				CLANG_ANALYZER_NONNULL = YES;
				CLANG_ANALYZER_NUMBER_OBJECT_CONVERSION = YES_AGGRESSIVE;
				CLANG_CXX_LANGUAGE_STANDARD = "gnu++20";
				CLANG_ENABLE_MODULES = YES;
				CLANG_ENABLE_OBJC_ARC = YES;
				CLANG_ENABLE_OBJC_WEAK = YES;
				CLANG_WARN_BLOCK_CAPTURE_AUTORELEASING = YES;
				CLANG_WARN_BOOL_CONVERSION = YES;
				CLANG_WARN_COMMA = YES;
				CLANG_WARN_CONSTANT_CONVERSION = YES;
				CLANG_WARN_DEPRECATED_OBJC_IMPLEMENTATIONS = YES;
				CLANG_WARN_DIRECT_OBJC_ISA_USAGE = YES_ERROR;
				CLANG_WARN_DOCUMENTATION_COMMENTS = YES;
				CLANG_WARN_EMPTY_BODY = YES;
				CLANG_WARN_ENUM_CONVERSION = YES;
				CLANG_WARN_INFINITE_RECURSION = YES;
				CLANG_WARN_INT_CONVERSION = YES;
				CLANG_WARN_NON_LITERAL_NULL_CONVERSION = YES;
				CLANG_WARN_OBJC_IMPLICIT_RETAIN_SELF = YES;
				CLANG_WARN_OBJC_LITERAL_CONVERSION = YES;
				CLANG_WARN_OBJC_ROOT_CLASS = YES_ERROR;
				CLANG_WARN_QUOTED_INCLUDE_IN_FRAMEWORK_HEADER = YES;
				CLANG_WARN_RANGE_LOOP_ANALYSIS = YES;
				CLANG_WARN_STRICT_PROTOTYPES = YES;
				CLANG_WARN_SUSPICIOUS_MOVE = YES;
				CLANG_WARN_UNGUARDED_AVAILABILITY = YES_AGGRESSIVE;
				CLANG_WARN_UNREACHABLE_CODE = YES;
				CLANG_WARN__DUPLICATE_METHOD_MATCH = YES;
				COPY_PHASE_STRIP = NO;
				DEBUG_INFORMATION_FORMAT = dwarf;
				ENABLE_STRICT_OBJC_MSGSEND = YES;
				ENABLE_TESTABILITY = YES;
				ENABLE_USER_SCRIPT_SANDBOXING = YES;
				GCC_C_LANGUAGE_STANDARD = gnu17;
				GCC_DYNAMIC_NO_PIC = NO;
				GCC_NO_COMMON_BLOCKS = YES;
				GCC_OPTIMIZATION_LEVEL = 0;
				GCC_PREPROCESSOR_DEFINITIONS = (
					"DEBUG=1",
					"$(inherited)",
				);
				GCC_WARN_64_TO_32_BIT_CONVERSION = YES;
				GCC_WARN_ABOUT_RETURN_TYPE = YES_ERROR;
				GCC_WARN_UNDECLARED_SELECTOR = YES;
				GCC_WARN_UNINITIALIZED_AUTOS = YES_AGGRESSIVE;
				GCC_WARN_UNUSED_FUNCTION = YES;
				GCC_WARN_UNUSED_VARIABLE = YES;
				IPHONEOS_DEPLOYMENT_TARGET = 18.2;
				LOCALIZATION_PREFERS_STRING_CATALOGS = YES;
				MTL_ENABLE_DEBUG_INFO = INCLUDE_SOURCE;
				MTL_FAST_MATH = YES;
				ONLY_ACTIVE_ARCH = YES;
				SDKROOT = iphoneos;
				SWIFT_ACTIVE_COMPILATION_CONDITIONS = "DEBUG $(inherited)";
				SWIFT_OPTIMIZATION_LEVEL = "-Onone";
			};
			name = Debug;
		};
		2CC84E562D6A065B00E81DA4 /* Release */ = {
			isa = XCBuildConfiguration;
			buildSettings = {
				ALWAYS_SEARCH_USER_PATHS = NO;
				ASSETCATALOG_COMPILER_GENERATE_SWIFT_ASSET_SYMBOL_EXTENSIONS = YES;
				CLANG_ANALYZER_NONNULL = YES;
				CLANG_ANALYZER_NUMBER_OBJECT_CONVERSION = YES_AGGRESSIVE;
				CLANG_CXX_LANGUAGE_STANDARD = "gnu++20";
				CLANG_ENABLE_MODULES = YES;
				CLANG_ENABLE_OBJC_ARC = YES;
				CLANG_ENABLE_OBJC_WEAK = YES;
				CLANG_WARN_BLOCK_CAPTURE_AUTORELEASING = YES;
				CLANG_WARN_BOOL_CONVERSION = YES;
				CLANG_WARN_COMMA = YES;
				CLANG_WARN_CONSTANT_CONVERSION = YES;
				CLANG_WARN_DEPRECATED_OBJC_IMPLEMENTATIONS = YES;
				CLANG_WARN_DIRECT_OBJC_ISA_USAGE = YES_ERROR;
				CLANG_WARN_DOCUMENTATION_COMMENTS = YES;
				CLANG_WARN_EMPTY_BODY = YES;
				CLANG_WARN_ENUM_CONVERSION = YES;
				CLANG_WARN_INFINITE_RECURSION = YES;
				CLANG_WARN_INT_CONVERSION = YES;
				CLANG_WARN_NON_LITERAL_NULL_CONVERSION = YES;
				CLANG_WARN_OBJC_IMPLICIT_RETAIN_SELF = YES;
				CLANG_WARN_OBJC_LITERAL_CONVERSION = YES;
				CLANG_WARN_OBJC_ROOT_CLASS = YES_ERROR;
				CLANG_WARN_QUOTED_INCLUDE_IN_FRAMEWORK_HEADER = YES;
				CLANG_WARN_RANGE_LOOP_ANALYSIS = YES;
				CLANG_WARN_STRICT_PROTOTYPES = YES;
				CLANG_WARN_SUSPICIOUS_MOVE = YES;
				CLANG_WARN_UNGUARDED_AVAILABILITY = YES_AGGRESSIVE;
				CLANG_WARN_UNREACHABLE_CODE = YES;
				CLANG_WARN__DUPLICATE_METHOD_MATCH = YES;
				COPY_PHASE_STRIP = NO;
				DEBUG_INFORMATION_FORMAT = "dwarf-with-dsym";
				ENABLE_NS_ASSERTIONS = NO;
				ENABLE_STRICT_OBJC_MSGSEND = YES;
				ENABLE_USER_SCRIPT_SANDBOXING = YES;
				GCC_C_LANGUAGE_STANDARD = gnu17;
				GCC_NO_COMMON_BLOCKS = YES;
				GCC_WARN_64_TO_32_BIT_CONVERSION = YES;
				GCC_WARN_ABOUT_RETURN_TYPE = YES_ERROR;
				GCC_WARN_UNDECLARED_SELECTOR = YES;
				GCC_WARN_UNINITIALIZED_AUTOS = YES_AGGRESSIVE;
				GCC_WARN_UNUSED_FUNCTION = YES;
				GCC_WARN_UNUSED_VARIABLE = YES;
				IPHONEOS_DEPLOYMENT_TARGET = 18.2;
				LOCALIZATION_PREFERS_STRING_CATALOGS = YES;
				MTL_ENABLE_DEBUG_INFO = NO;
				MTL_FAST_MATH = YES;
				SDKROOT = iphoneos;
				SWIFT_COMPILATION_MODE = wholemodule;
				VALIDATE_PRODUCT = YES;
			};
			name = Release;
		};
		2CC84E582D6A065B00E81DA4 /* Debug */ = {
			isa = XCBuildConfiguration;
			buildSettings = {
				ASSETCATALOG_COMPILER_APPICON_NAME = AppIcon;
				ASSETCATALOG_COMPILER_GLOBAL_ACCENT_COLOR_NAME = AccentColor;
				CODE_SIGN_STYLE = Automatic;
				CURRENT_PROJECT_VERSION = 1;
				DEVELOPMENT_ASSET_PATHS = "\"otus_hw2/Preview Content\"";
				DEVELOPMENT_TEAM = J5V4FRQ99J;
				ENABLE_PREVIEWS = YES;
				GENERATE_INFOPLIST_FILE = YES;
				INFOPLIST_KEY_UIApplicationSceneManifest_Generation = YES;
				INFOPLIST_KEY_UIApplicationSupportsIndirectInputEvents = YES;
				INFOPLIST_KEY_UILaunchScreen_Generation = YES;
				INFOPLIST_KEY_UISupportedInterfaceOrientations_iPad = "UIInterfaceOrientationPortrait UIInterfaceOrientationPortraitUpsideDown UIInterfaceOrientationLandscapeLeft UIInterfaceOrientationLandscapeRight";
				INFOPLIST_KEY_UISupportedInterfaceOrientations_iPhone = "UIInterfaceOrientationPortrait UIInterfaceOrientationLandscapeLeft UIInterfaceOrientationLandscapeRight";
				IPHONEOS_DEPLOYMENT_TARGET = 15.5;
				LD_RUNPATH_SEARCH_PATHS = (
					"$(inherited)",
					"@executable_path/Frameworks",
				);
				MARKETING_VERSION = 1.0;
				PRODUCT_BUNDLE_IDENTIFIER = "ru.piv.otus-hw2";
				PRODUCT_NAME = "$(TARGET_NAME)";
				SWIFT_EMIT_LOC_STRINGS = YES;
				SWIFT_VERSION = 5.0;
				TARGETED_DEVICE_FAMILY = "1,2";
			};
			name = Debug;
		};
		2CC84E592D6A065B00E81DA4 /* Release */ = {
			isa = XCBuildConfiguration;
			buildSettings = {
				ASSETCATALOG_COMPILER_APPICON_NAME = AppIcon;
				ASSETCATALOG_COMPILER_GLOBAL_ACCENT_COLOR_NAME = AccentColor;
				CODE_SIGN_STYLE = Automatic;
				CURRENT_PROJECT_VERSION = 1;
				DEVELOPMENT_ASSET_PATHS = "\"otus_hw2/Preview Content\"";
				DEVELOPMENT_TEAM = J5V4FRQ99J;
				ENABLE_PREVIEWS = YES;
				GENERATE_INFOPLIST_FILE = YES;
				INFOPLIST_KEY_UIApplicationSceneManifest_Generation = YES;
				INFOPLIST_KEY_UIApplicationSupportsIndirectInputEvents = YES;
				INFOPLIST_KEY_UILaunchScreen_Generation = YES;
				INFOPLIST_KEY_UISupportedInterfaceOrientations_iPad = "UIInterfaceOrientationPortrait UIInterfaceOrientationPortraitUpsideDown UIInterfaceOrientationLandscapeLeft UIInterfaceOrientationLandscapeRight";
				INFOPLIST_KEY_UISupportedInterfaceOrientations_iPhone = "UIInterfaceOrientationPortrait UIInterfaceOrientationLandscapeLeft UIInterfaceOrientationLandscapeRight";
				IPHONEOS_DEPLOYMENT_TARGET = 15.5;
				LD_RUNPATH_SEARCH_PATHS = (
					"$(inherited)",
					"@executable_path/Frameworks",
				);
				MARKETING_VERSION = 1.0;
				PRODUCT_BUNDLE_IDENTIFIER = "ru.piv.otus-hw2";
				PRODUCT_NAME = "$(TARGET_NAME)";
				SWIFT_EMIT_LOC_STRINGS = YES;
				SWIFT_VERSION = 5.0;
				TARGETED_DEVICE_FAMILY = "1,2";
			};
			name = Release;
		};
/* End XCBuildConfiguration section */

/* Begin XCConfigurationList section */
		2CC84E442D6A065900E81DA4 /* Build configuration list for PBXProject "otus_hw2" */ = {
			isa = XCConfigurationList;
			buildConfigurations = (
				2CC84E552D6A065B00E81DA4 /* Debug */,
				2CC84E562D6A065B00E81DA4 /* Release */,
			);
			defaultConfigurationIsVisible = 0;
			defaultConfigurationName = Release;
		};
		2CC84E572D6A065B00E81DA4 /* Build configuration list for PBXNativeTarget "otus_hw2" */ = {
			isa = XCConfigurationList;
			buildConfigurations = (
				2CC84E582D6A065B00E81DA4 /* Debug */,
				2CC84E592D6A065B00E81DA4 /* Release */,
			);
			defaultConfigurationIsVisible = 0;
			defaultConfigurationName = Release;
		};
/* End XCConfigurationList section */

/* Begin XCLocalSwiftPackageReference section */
		2C6C0ED52D7347E500088BA8 /* XCLocalSwiftPackageReference "CoreServices" */ = {
			isa = XCLocalSwiftPackageReference;
			relativePath = CoreServices;
		};
/* End XCLocalSwiftPackageReference section */

/* Begin XCRemoteSwiftPackageReference section */
		2CC84EBB2D6A4BDB00E81DA4 /* XCRemoteSwiftPackageReference "SUINavigation" */ = {
			isa = XCRemoteSwiftPackageReference;
			repositoryURL = "https://github.com/ozontech/SUINavigation";
			requirement = {
				kind = upToNextMajorVersion;
				minimumVersion = 1.11.0;
			};
		};
/* End XCRemoteSwiftPackageReference section */

/* Begin XCSwiftPackageProductDependency section */
		2C6C0FCD2D85837100088BA8 /* CoreServices */ = {
			isa = XCSwiftPackageProductDependency;
			productName = CoreServices;
		};
		2CC84E642D6A121B00E81DA4 /* KinopoiskAPI */ = {
			isa = XCSwiftPackageProductDependency;
			productName = KinopoiskAPI;
		};
		2CC84EBC2D6A4BDB00E81DA4 /* SUINavigation */ = {
			isa = XCSwiftPackageProductDependency;
			package = 2CC84EBB2D6A4BDB00E81DA4 /* XCRemoteSwiftPackageReference "SUINavigation" */;
			productName = SUINavigation;
		};
/* End XCSwiftPackageProductDependency section */
	};
	rootObject = 2CC84E412D6A065900E81DA4 /* Project object */;
}
